// !$*UTF8*$!
{
	archiveVersion = 1;
	classes = {
	};
	objectVersion = 77;
	objects = {

/* Begin PBXBuildFile section */
		470D55A02DBEA19300A1228A /* SwiftKeychainWrapper in Frameworks */ = {isa = PBXBuildFile; productRef = 470D559F2DBEA19300A1228A /* SwiftKeychainWrapper */; };
		471346722D011C0B009AD3AB /* FirebaseFirestore in Frameworks */ = {isa = PBXBuildFile; productRef = 471346712D011C0B009AD3AB /* FirebaseFirestore */; };
		47298C7F2D5A41CD006CD2D2 /* KeychainAccess in Frameworks */ = {isa = PBXBuildFile; productRef = 47298C7E2D5A41CD006CD2D2 /* KeychainAccess */; };
		47298C842D5A4DD4006CD2D2 /* Crypto in Frameworks */ = {isa = PBXBuildFile; productRef = 47298C832D5A4DD4006CD2D2 /* Crypto */; };
		473767922CFFE80200D2B02B /* FirebaseAuth in Frameworks */ = {isa = PBXBuildFile; productRef = 473767912CFFE80200D2B02B /* FirebaseAuth */; };
		473767972CFFEA6D00D2B02B /* FirebaseCore in Frameworks */ = {isa = PBXBuildFile; productRef = 473767962CFFEA6D00D2B02B /* FirebaseCore */; };
		478E59C82D025A8300DEA8B4 /* FirebaseStorage in Frameworks */ = {isa = PBXBuildFile; productRef = 478E59C72D025A8300DEA8B4 /* FirebaseStorage */; };
/* End PBXBuildFile section */

/* Begin PBXContainerItemProxy section */
		473767702CFFE71700D2B02B /* PBXContainerItemProxy */ = {
			isa = PBXContainerItemProxy;
			containerPortal = 473767562CFFE71400D2B02B /* Project object */;
			proxyType = 1;
			remoteGlobalIDString = 4737675D2CFFE71400D2B02B;
			remoteInfo = ProjectMessageApp;
		};
		4737677A2CFFE71700D2B02B /* PBXContainerItemProxy */ = {
			isa = PBXContainerItemProxy;
			containerPortal = 473767562CFFE71400D2B02B /* Project object */;
			proxyType = 1;
			remoteGlobalIDString = 4737675D2CFFE71400D2B02B;
			remoteInfo = ProjectMessageApp;
		};
/* End PBXContainerItemProxy section */

/* Begin PBXFileReference section */
		4737675E2CFFE71400D2B02B /* ProjectMessageApp.app */ = {isa = PBXFileReference; explicitFileType = wrapper.application; includeInIndex = 0; path = ProjectMessageApp.app; sourceTree = BUILT_PRODUCTS_DIR; };
		4737676F2CFFE71700D2B02B /* ProjectMessageAppTests.xctest */ = {isa = PBXFileReference; explicitFileType = wrapper.cfbundle; includeInIndex = 0; path = ProjectMessageAppTests.xctest; sourceTree = BUILT_PRODUCTS_DIR; };
		473767792CFFE71700D2B02B /* ProjectMessageAppUITests.xctest */ = {isa = PBXFileReference; explicitFileType = wrapper.cfbundle; includeInIndex = 0; path = ProjectMessageAppUITests.xctest; sourceTree = BUILT_PRODUCTS_DIR; };
/* End PBXFileReference section */

/* Begin PBXFileSystemSynchronizedBuildFileExceptionSet section */
		47BE94742D98C8D200AFE6D1 /* Exceptions for "ProjectMessageApp" folder in "ProjectMessageApp" target */ = {
			isa = PBXFileSystemSynchronizedBuildFileExceptionSet;
			membershipExceptions = (
				ProjectMessageAppTests.swift,
			);
			target = 4737675D2CFFE71400D2B02B /* ProjectMessageApp */;
		};
		47BE94752D98C8D200AFE6D1 /* Exceptions for "ProjectMessageApp" folder in "ProjectMessageAppTests" target */ = {
			isa = PBXFileSystemSynchronizedBuildFileExceptionSet;
			membershipExceptions = (
				ProjectMessageAppTests.swift,
			);
			target = 4737676E2CFFE71700D2B02B /* ProjectMessageAppTests */;
		};
/* End PBXFileSystemSynchronizedBuildFileExceptionSet section */

/* Begin PBXFileSystemSynchronizedRootGroup section */
		473767602CFFE71400D2B02B /* ProjectMessageApp */ = {
			isa = PBXFileSystemSynchronizedRootGroup;
			exceptions = (
				47BE94742D98C8D200AFE6D1 /* Exceptions for "ProjectMessageApp" folder in "ProjectMessageApp" target */,
				47BE94752D98C8D200AFE6D1 /* Exceptions for "ProjectMessageApp" folder in "ProjectMessageAppTests" target */,
			);
			path = ProjectMessageApp;
			sourceTree = "<group>";
		};
		473767722CFFE71700D2B02B /* ProjectMessageAppTests */ = {
			isa = PBXFileSystemSynchronizedRootGroup;
			path = ProjectMessageAppTests;
			sourceTree = "<group>";
		};
		4737677C2CFFE71700D2B02B /* ProjectMessageAppUITests */ = {
			isa = PBXFileSystemSynchronizedRootGroup;
			path = ProjectMessageAppUITests;
			sourceTree = "<group>";
		};
/* End PBXFileSystemSynchronizedRootGroup section */

/* Begin PBXFrameworksBuildPhase section */
		4737675B2CFFE71400D2B02B /* Frameworks */ = {
			isa = PBXFrameworksBuildPhase;
			buildActionMask = 2147483647;
			files = (
				473767972CFFEA6D00D2B02B /* FirebaseCore in Frameworks */,
				47298C7F2D5A41CD006CD2D2 /* KeychainAccess in Frameworks */,
				478E59C82D025A8300DEA8B4 /* FirebaseStorage in Frameworks */,
				473767922CFFE80200D2B02B /* FirebaseAuth in Frameworks */,
				47298C842D5A4DD4006CD2D2 /* Crypto in Frameworks */,
				471346722D011C0B009AD3AB /* FirebaseFirestore in Frameworks */,
				470D55A02DBEA19300A1228A /* SwiftKeychainWrapper in Frameworks */,
			);
			runOnlyForDeploymentPostprocessing = 0;
		};
		4737676C2CFFE71700D2B02B /* Frameworks */ = {
			isa = PBXFrameworksBuildPhase;
			buildActionMask = 2147483647;
			files = (
			);
			runOnlyForDeploymentPostprocessing = 0;
		};
		473767762CFFE71700D2B02B /* Frameworks */ = {
			isa = PBXFrameworksBuildPhase;
			buildActionMask = 2147483647;
			files = (
			);
			runOnlyForDeploymentPostprocessing = 0;
		};
/* End PBXFrameworksBuildPhase section */

/* Begin PBXGroup section */
		473767552CFFE71400D2B02B = {
			isa = PBXGroup;
			children = (
				473767602CFFE71400D2B02B /* ProjectMessageApp */,
				473767722CFFE71700D2B02B /* ProjectMessageAppTests */,
				4737677C2CFFE71700D2B02B /* ProjectMessageAppUITests */,
				473767952CFFEA6D00D2B02B /* Frameworks */,
				4737675F2CFFE71400D2B02B /* Products */,
			);
			sourceTree = "<group>";
		};
		4737675F2CFFE71400D2B02B /* Products */ = {
			isa = PBXGroup;
			children = (
				4737675E2CFFE71400D2B02B /* ProjectMessageApp.app */,
				4737676F2CFFE71700D2B02B /* ProjectMessageAppTests.xctest */,
				473767792CFFE71700D2B02B /* ProjectMessageAppUITests.xctest */,
			);
			name = Products;
			sourceTree = "<group>";
		};
		473767952CFFEA6D00D2B02B /* Frameworks */ = {
			isa = PBXGroup;
			children = (
			);
			name = Frameworks;
			sourceTree = "<group>";
		};
/* End PBXGroup section */

/* Begin PBXNativeTarget section */
		4737675D2CFFE71400D2B02B /* ProjectMessageApp */ = {
			isa = PBXNativeTarget;
			buildConfigurationList = 473767832CFFE71700D2B02B /* Build configuration list for PBXNativeTarget "ProjectMessageApp" */;
			buildPhases = (
				4737675A2CFFE71400D2B02B /* Sources */,
				4737675B2CFFE71400D2B02B /* Frameworks */,
				4737675C2CFFE71400D2B02B /* Resources */,
			);
			buildRules = (
			);
			dependencies = (
			);
			fileSystemSynchronizedGroups = (
				473767602CFFE71400D2B02B /* ProjectMessageApp */,
			);
			name = ProjectMessageApp;
			packageProductDependencies = (
				473767912CFFE80200D2B02B /* FirebaseAuth */,
				473767962CFFEA6D00D2B02B /* FirebaseCore */,
				471346712D011C0B009AD3AB /* FirebaseFirestore */,
				478E59C72D025A8300DEA8B4 /* FirebaseStorage */,
				47298C7E2D5A41CD006CD2D2 /* KeychainAccess */,
				47298C832D5A4DD4006CD2D2 /* Crypto */,
				470D559F2DBEA19300A1228A /* SwiftKeychainWrapper */,
			);
			productName = ProjectMessageApp;
			productReference = 4737675E2CFFE71400D2B02B /* ProjectMessageApp.app */;
			productType = "com.apple.product-type.application";
		};
		4737676E2CFFE71700D2B02B /* ProjectMessageAppTests */ = {
			isa = PBXNativeTarget;
			buildConfigurationList = 473767862CFFE71700D2B02B /* Build configuration list for PBXNativeTarget "ProjectMessageAppTests" */;
			buildPhases = (
				4737676B2CFFE71700D2B02B /* Sources */,
				4737676C2CFFE71700D2B02B /* Frameworks */,
				4737676D2CFFE71700D2B02B /* Resources */,
			);
			buildRules = (
			);
			dependencies = (
				473767712CFFE71700D2B02B /* PBXTargetDependency */,
			);
			fileSystemSynchronizedGroups = (
				473767722CFFE71700D2B02B /* ProjectMessageAppTests */,
			);
			name = ProjectMessageAppTests;
			packageProductDependencies = (
			);
			productName = ProjectMessageAppTests;
			productReference = 4737676F2CFFE71700D2B02B /* ProjectMessageAppTests.xctest */;
			productType = "com.apple.product-type.bundle.unit-test";
		};
		473767782CFFE71700D2B02B /* ProjectMessageAppUITests */ = {
			isa = PBXNativeTarget;
			buildConfigurationList = 473767892CFFE71700D2B02B /* Build configuration list for PBXNativeTarget "ProjectMessageAppUITests" */;
			buildPhases = (
				473767752CFFE71700D2B02B /* Sources */,
				473767762CFFE71700D2B02B /* Frameworks */,
				473767772CFFE71700D2B02B /* Resources */,
			);
			buildRules = (
			);
			dependencies = (
				4737677B2CFFE71700D2B02B /* PBXTargetDependency */,
			);
			fileSystemSynchronizedGroups = (
				4737677C2CFFE71700D2B02B /* ProjectMessageAppUITests */,
			);
			name = ProjectMessageAppUITests;
			packageProductDependencies = (
			);
			productName = ProjectMessageAppUITests;
			productReference = 473767792CFFE71700D2B02B /* ProjectMessageAppUITests.xctest */;
			productType = "com.apple.product-type.bundle.ui-testing";
		};
/* End PBXNativeTarget section */

/* Begin PBXProject section */
		473767562CFFE71400D2B02B /* Project object */ = {
			isa = PBXProject;
			attributes = {
				BuildIndependentTargetsInParallel = 1;
				LastSwiftUpdateCheck = 1610;
				LastUpgradeCheck = 1610;
				TargetAttributes = {
					4737675D2CFFE71400D2B02B = {
						CreatedOnToolsVersion = 16.1;
					};
					4737676E2CFFE71700D2B02B = {
						CreatedOnToolsVersion = 16.1;
						TestTargetID = 4737675D2CFFE71400D2B02B;
					};
					473767782CFFE71700D2B02B = {
						CreatedOnToolsVersion = 16.1;
						TestTargetID = 4737675D2CFFE71400D2B02B;
					};
				};
			};
			buildConfigurationList = 473767592CFFE71400D2B02B /* Build configuration list for PBXProject "ProjectMessageApp" */;
			developmentRegion = en;
			hasScannedForEncodings = 0;
			knownRegions = (
				en,
				Base,
			);
			mainGroup = 473767552CFFE71400D2B02B;
			minimizedProjectReferenceProxies = 1;
			packageReferences = (
				473767902CFFE80200D2B02B /* XCRemoteSwiftPackageReference "firebase-ios-sdk" */,
				47298C7D2D5A41CD006CD2D2 /* XCRemoteSwiftPackageReference "KeychainAccess" */,
				47298C822D5A4DD4006CD2D2 /* XCRemoteSwiftPackageReference "swift-crypto" */,
				47298C852D5A5215006CD2D2 /* XCRemoteSwiftPackageReference "SwiftKeychainWrapper" */,
			);
			preferredProjectObjectVersion = 77;
			productRefGroup = 4737675F2CFFE71400D2B02B /* Products */;
			projectDirPath = "";
			projectRoot = "";
			targets = (
				4737675D2CFFE71400D2B02B /* ProjectMessageApp */,
				4737676E2CFFE71700D2B02B /* ProjectMessageAppTests */,
				473767782CFFE71700D2B02B /* ProjectMessageAppUITests */,
			);
		};
/* End PBXProject section */

/* Begin PBXResourcesBuildPhase section */
		4737675C2CFFE71400D2B02B /* Resources */ = {
			isa = PBXResourcesBuildPhase;
			buildActionMask = 2147483647;
			files = (
			);
			runOnlyForDeploymentPostprocessing = 0;
		};
		4737676D2CFFE71700D2B02B /* Resources */ = {
			isa = PBXResourcesBuildPhase;
			buildActionMask = 2147483647;
			files = (
			);
			runOnlyForDeploymentPostprocessing = 0;
		};
		473767772CFFE71700D2B02B /* Resources */ = {
			isa = PBXResourcesBuildPhase;
			buildActionMask = 2147483647;
			files = (
			);
			runOnlyForDeploymentPostprocessing = 0;
		};
/* End PBXResourcesBuildPhase section */

/* Begin PBXSourcesBuildPhase section */
		4737675A2CFFE71400D2B02B /* Sources */ = {
			isa = PBXSourcesBuildPhase;
			buildActionMask = 2147483647;
			files = (
			);
			runOnlyForDeploymentPostprocessing = 0;
		};
		4737676B2CFFE71700D2B02B /* Sources */ = {
			isa = PBXSourcesBuildPhase;
			buildActionMask = 2147483647;
			files = (
			);
			runOnlyForDeploymentPostprocessing = 0;
		};
		473767752CFFE71700D2B02B /* Sources */ = {
			isa = PBXSourcesBuildPhase;
			buildActionMask = 2147483647;
			files = (
			);
			runOnlyForDeploymentPostprocessing = 0;
		};
/* End PBXSourcesBuildPhase section */

/* Begin PBXTargetDependency section */
		473767712CFFE71700D2B02B /* PBXTargetDependency */ = {
			isa = PBXTargetDependency;
			target = 4737675D2CFFE71400D2B02B /* ProjectMessageApp */;
			targetProxy = 473767702CFFE71700D2B02B /* PBXContainerItemProxy */;
		};
		4737677B2CFFE71700D2B02B /* PBXTargetDependency */ = {
			isa = PBXTargetDependency;
			target = 4737675D2CFFE71400D2B02B /* ProjectMessageApp */;
			targetProxy = 4737677A2CFFE71700D2B02B /* PBXContainerItemProxy */;
		};
/* End PBXTargetDependency section */

/* Begin XCBuildConfiguration section */
		473767812CFFE71700D2B02B /* Debug */ = {
			isa = XCBuildConfiguration;
			buildSettings = {
				ALWAYS_SEARCH_USER_PATHS = NO;
				ASSETCATALOG_COMPILER_GENERATE_SWIFT_ASSET_SYMBOL_EXTENSIONS = YES;
				CLANG_ANALYZER_NONNULL = YES;
				CLANG_ANALYZER_NUMBER_OBJECT_CONVERSION = YES_AGGRESSIVE;
				CLANG_CXX_LANGUAGE_STANDARD = "gnu++20";
				CLANG_ENABLE_MODULES = YES;
				CLANG_ENABLE_OBJC_ARC = YES;
				CLANG_ENABLE_OBJC_WEAK = YES;
				CLANG_WARN_BLOCK_CAPTURE_AUTORELEASING = YES;
				CLANG_WARN_BOOL_CONVERSION = YES;
				CLANG_WARN_COMMA = YES;
				CLANG_WARN_CONSTANT_CONVERSION = YES;
				CLANG_WARN_DEPRECATED_OBJC_IMPLEMENTATIONS = YES;
				CLANG_WARN_DIRECT_OBJC_ISA_USAGE = YES_ERROR;
				CLANG_WARN_DOCUMENTATION_COMMENTS = YES;
				CLANG_WARN_EMPTY_BODY = YES;
				CLANG_WARN_ENUM_CONVERSION = YES;
				CLANG_WARN_INFINITE_RECURSION = YES;
				CLANG_WARN_INT_CONVERSION = YES;
				CLANG_WARN_NON_LITERAL_NULL_CONVERSION = YES;
				CLANG_WARN_OBJC_IMPLICIT_RETAIN_SELF = YES;
				CLANG_WARN_OBJC_LITERAL_CONVERSION = YES;
				CLANG_WARN_OBJC_ROOT_CLASS = YES_ERROR;
				CLANG_WARN_QUOTED_INCLUDE_IN_FRAMEWORK_HEADER = YES;
				CLANG_WARN_RANGE_LOOP_ANALYSIS = YES;
				CLANG_WARN_STRICT_PROTOTYPES = YES;
				CLANG_WARN_SUSPICIOUS_MOVE = YES;
				CLANG_WARN_UNGUARDED_AVAILABILITY = YES_AGGRESSIVE;
				CLANG_WARN_UNREACHABLE_CODE = YES;
				CLANG_WARN__DUPLICATE_METHOD_MATCH = YES;
				COPY_PHASE_STRIP = NO;
				DEBUG_INFORMATION_FORMAT = dwarf;
				ENABLE_STRICT_OBJC_MSGSEND = YES;
				ENABLE_TESTABILITY = YES;
				ENABLE_USER_SCRIPT_SANDBOXING = YES;
				GCC_C_LANGUAGE_STANDARD = gnu17;
				GCC_DYNAMIC_NO_PIC = NO;
				GCC_NO_COMMON_BLOCKS = YES;
				GCC_OPTIMIZATION_LEVEL = 0;
				GCC_PREPROCESSOR_DEFINITIONS = (
					"DEBUG=1",
					"$(inherited)",
				);
				GCC_WARN_64_TO_32_BIT_CONVERSION = YES;
				GCC_WARN_ABOUT_RETURN_TYPE = YES_ERROR;
				GCC_WARN_UNDECLARED_SELECTOR = YES;
				GCC_WARN_UNINITIALIZED_AUTOS = YES_AGGRESSIVE;
				GCC_WARN_UNUSED_FUNCTION = YES;
				GCC_WARN_UNUSED_VARIABLE = YES;
				LOCALIZATION_PREFERS_STRING_CATALOGS = YES;
				MTL_ENABLE_DEBUG_INFO = INCLUDE_SOURCE;
				MTL_FAST_MATH = YES;
				ONLY_ACTIVE_ARCH = YES;
				SWIFT_ACTIVE_COMPILATION_CONDITIONS = "DEBUG $(inherited)";
				SWIFT_OPTIMIZATION_LEVEL = "-Onone";
			};
			name = Debug;
		};
		473767822CFFE71700D2B02B /* Release */ = {
			isa = XCBuildConfiguration;
			buildSettings = {
				ALWAYS_SEARCH_USER_PATHS = NO;
				ASSETCATALOG_COMPILER_GENERATE_SWIFT_ASSET_SYMBOL_EXTENSIONS = YES;
				CLANG_ANALYZER_NONNULL = YES;
				CLANG_ANALYZER_NUMBER_OBJECT_CONVERSION = YES_AGGRESSIVE;
				CLANG_CXX_LANGUAGE_STANDARD = "gnu++20";
				CLANG_ENABLE_MODULES = YES;
				CLANG_ENABLE_OBJC_ARC = YES;
				CLANG_ENABLE_OBJC_WEAK = YES;
				CLANG_WARN_BLOCK_CAPTURE_AUTORELEASING = YES;
				CLANG_WARN_BOOL_CONVERSION = YES;
				CLANG_WARN_COMMA = YES;
				CLANG_WARN_CONSTANT_CONVERSION = YES;
				CLANG_WARN_DEPRECATED_OBJC_IMPLEMENTATIONS = YES;
				CLANG_WARN_DIRECT_OBJC_ISA_USAGE = YES_ERROR;
				CLANG_WARN_DOCUMENTATION_COMMENTS = YES;
				CLANG_WARN_EMPTY_BODY = YES;
				CLANG_WARN_ENUM_CONVERSION = YES;
				CLANG_WARN_INFINITE_RECURSION = YES;
				CLANG_WARN_INT_CONVERSION = YES;
				CLANG_WARN_NON_LITERAL_NULL_CONVERSION = YES;
				CLANG_WARN_OBJC_IMPLICIT_RETAIN_SELF = YES;
				CLANG_WARN_OBJC_LITERAL_CONVERSION = YES;
				CLANG_WARN_OBJC_ROOT_CLASS = YES_ERROR;
				CLANG_WARN_QUOTED_INCLUDE_IN_FRAMEWORK_HEADER = YES;
				CLANG_WARN_RANGE_LOOP_ANALYSIS = YES;
				CLANG_WARN_STRICT_PROTOTYPES = YES;
				CLANG_WARN_SUSPICIOUS_MOVE = YES;
				CLANG_WARN_UNGUARDED_AVAILABILITY = YES_AGGRESSIVE;
				CLANG_WARN_UNREACHABLE_CODE = YES;
				CLANG_WARN__DUPLICATE_METHOD_MATCH = YES;
				COPY_PHASE_STRIP = NO;
				DEBUG_INFORMATION_FORMAT = "dwarf-with-dsym";
				ENABLE_NS_ASSERTIONS = NO;
				ENABLE_STRICT_OBJC_MSGSEND = YES;
				ENABLE_USER_SCRIPT_SANDBOXING = YES;
				GCC_C_LANGUAGE_STANDARD = gnu17;
				GCC_NO_COMMON_BLOCKS = YES;
				GCC_WARN_64_TO_32_BIT_CONVERSION = YES;
				GCC_WARN_ABOUT_RETURN_TYPE = YES_ERROR;
				GCC_WARN_UNDECLARED_SELECTOR = YES;
				GCC_WARN_UNINITIALIZED_AUTOS = YES_AGGRESSIVE;
				GCC_WARN_UNUSED_FUNCTION = YES;
				GCC_WARN_UNUSED_VARIABLE = YES;
				LOCALIZATION_PREFERS_STRING_CATALOGS = YES;
				MTL_ENABLE_DEBUG_INFO = NO;
				MTL_FAST_MATH = YES;
				SWIFT_COMPILATION_MODE = wholemodule;
			};
			name = Release;
		};
		473767842CFFE71700D2B02B /* Debug */ = {
			isa = XCBuildConfiguration;
			buildSettings = {
				ASSETCATALOG_COMPILER_APPICON_NAME = AppIcon;
				ASSETCATALOG_COMPILER_GLOBAL_ACCENT_COLOR_NAME = AccentColor;
				ASSETCATALOG_COMPILER_INCLUDE_ALL_APPICON_ASSETS = YES;
				CODE_SIGN_ENTITLEMENTS = ProjectMessageApp/ProjectMessageApp.entitlements;
				CODE_SIGN_STYLE = Automatic;
				CURRENT_PROJECT_VERSION = 1;
				DEVELOPMENT_ASSET_PATHS = "\"ProjectMessageApp/Preview Content\"";
				DEVELOPMENT_TEAM = 8G9SF8YAPG;
				ENABLE_HARDENED_RUNTIME = NO;
				ENABLE_PREVIEWS = YES;
				GENERATE_INFOPLIST_FILE = YES;
				INFOPLIST_KEY_CFBundleDisplayName = ChatSpace;
				"INFOPLIST_KEY_UIApplicationSceneManifest_Generation[sdk=iphoneos*]" = YES;
				"INFOPLIST_KEY_UIApplicationSceneManifest_Generation[sdk=iphonesimulator*]" = YES;
				"INFOPLIST_KEY_UIApplicationSupportsIndirectInputEvents[sdk=iphoneos*]" = YES;
				"INFOPLIST_KEY_UIApplicationSupportsIndirectInputEvents[sdk=iphonesimulator*]" = YES;
				"INFOPLIST_KEY_UILaunchScreen_Generation[sdk=iphoneos*]" = YES;
				"INFOPLIST_KEY_UILaunchScreen_Generation[sdk=iphonesimulator*]" = YES;
				"INFOPLIST_KEY_UIStatusBarStyle[sdk=iphoneos*]" = UIStatusBarStyleDefault;
				"INFOPLIST_KEY_UIStatusBarStyle[sdk=iphonesimulator*]" = UIStatusBarStyleDefault;
				INFOPLIST_KEY_UISupportedInterfaceOrientations = UIInterfaceOrientationPortrait;
				IPHONEOS_DEPLOYMENT_TARGET = 18.0;
				LD_RUNPATH_SEARCH_PATHS = "@executable_path/Frameworks";
				"LD_RUNPATH_SEARCH_PATHS[sdk=macosx*]" = "@executable_path/../Frameworks";
				MACOSX_DEPLOYMENT_TARGET = 15.1;
				MARKETING_VERSION = 1.0;
				PRODUCT_BUNDLE_IDENTIFIER = com.MyMessagingApp.ProjectMessageApp;
				PRODUCT_NAME = "$(TARGET_NAME)";
				SDKROOT = auto;
				SUPPORTED_PLATFORMS = "iphoneos iphonesimulator macosx xros xrsimulator";
				SWIFT_EMIT_LOC_STRINGS = YES;
				SWIFT_OPTIMIZATION_LEVEL = "-Onone";
				SWIFT_VERSION = 6.0;
				TARGETED_DEVICE_FAMILY = "1,2,7";
				XROS_DEPLOYMENT_TARGET = 2.1;
			};
			name = Debug;
		};
		473767852CFFE71700D2B02B /* Release */ = {
			isa = XCBuildConfiguration;
			buildSettings = {
				ASSETCATALOG_COMPILER_APPICON_NAME = AppIcon;
				ASSETCATALOG_COMPILER_GLOBAL_ACCENT_COLOR_NAME = AccentColor;
				ASSETCATALOG_COMPILER_INCLUDE_ALL_APPICON_ASSETS = YES;
				CODE_SIGN_ENTITLEMENTS = ProjectMessageApp/ProjectMessageApp.entitlements;
				CODE_SIGN_STYLE = Automatic;
				CURRENT_PROJECT_VERSION = 1;
				DEVELOPMENT_ASSET_PATHS = "\"ProjectMessageApp/Preview Content\"";
				DEVELOPMENT_TEAM = 8G9SF8YAPG;
				ENABLE_HARDENED_RUNTIME = NO;
				ENABLE_PREVIEWS = YES;
				GENERATE_INFOPLIST_FILE = YES;
				INFOPLIST_KEY_CFBundleDisplayName = ChatSpace;
				"INFOPLIST_KEY_UIApplicationSceneManifest_Generation[sdk=iphoneos*]" = YES;
				"INFOPLIST_KEY_UIApplicationSceneManifest_Generation[sdk=iphonesimulator*]" = YES;
				"INFOPLIST_KEY_UIApplicationSupportsIndirectInputEvents[sdk=iphoneos*]" = YES;
				"INFOPLIST_KEY_UIApplicationSupportsIndirectInputEvents[sdk=iphonesimulator*]" = YES;
				"INFOPLIST_KEY_UILaunchScreen_Generation[sdk=iphoneos*]" = YES;
				"INFOPLIST_KEY_UILaunchScreen_Generation[sdk=iphonesimulator*]" = YES;
				"INFOPLIST_KEY_UIStatusBarStyle[sdk=iphoneos*]" = UIStatusBarStyleDefault;
				"INFOPLIST_KEY_UIStatusBarStyle[sdk=iphonesimulator*]" = UIStatusBarStyleDefault;
				INFOPLIST_KEY_UISupportedInterfaceOrientations = UIInterfaceOrientationPortrait;
				IPHONEOS_DEPLOYMENT_TARGET = 18.0;
				LD_RUNPATH_SEARCH_PATHS = "@executable_path/Frameworks";
				"LD_RUNPATH_SEARCH_PATHS[sdk=macosx*]" = "@executable_path/../Frameworks";
				MACOSX_DEPLOYMENT_TARGET = 15.1;
				MARKETING_VERSION = 1.0;
				PRODUCT_BUNDLE_IDENTIFIER = com.MyMessagingApp.ProjectMessageApp;
				PRODUCT_NAME = "$(TARGET_NAME)";
				SDKROOT = auto;
				SUPPORTED_PLATFORMS = "iphoneos iphonesimulator macosx xros xrsimulator";
				SWIFT_EMIT_LOC_STRINGS = YES;
				SWIFT_OPTIMIZATION_LEVEL = "-Onone";
				SWIFT_VERSION = 6.0;
				TARGETED_DEVICE_FAMILY = "1,2,7";
				XROS_DEPLOYMENT_TARGET = 2.1;
			};
			name = Release;
		};
		473767872CFFE71700D2B02B /* Debug */ = {
			isa = XCBuildConfiguration;
			buildSettings = {
				BUNDLE_LOADER = "$(TEST_HOST)";
				CODE_SIGN_STYLE = Automatic;
				CURRENT_PROJECT_VERSION = 1;
				DEVELOPMENT_TEAM = 8G9SF8YAPG;
				GENERATE_INFOPLIST_FILE = YES;
				IPHONEOS_DEPLOYMENT_TARGET = 18.1;
				MACOSX_DEPLOYMENT_TARGET = 15.1;
				MARKETING_VERSION = 1.0;
				PRODUCT_BUNDLE_IDENTIFIER = com.MyMessagingApp.ProjectMessageAppTests;
				PRODUCT_NAME = "$(TARGET_NAME)";
				SDKROOT = auto;
				SUPPORTED_PLATFORMS = "iphoneos iphonesimulator macosx xros xrsimulator";
				SWIFT_EMIT_LOC_STRINGS = NO;
				SWIFT_VERSION = 5.0;
				TARGETED_DEVICE_FAMILY = "1,2,7";
				TEST_HOST = "$(BUILT_PRODUCTS_DIR)/ProjectMessageApp.app/$(BUNDLE_EXECUTABLE_FOLDER_PATH)/ProjectMessageApp";
				XROS_DEPLOYMENT_TARGET = 2.1;
			};
			name = Debug;
		};
		473767882CFFE71700D2B02B /* Release */ = {
			isa = XCBuildConfiguration;
			buildSettings = {
				BUNDLE_LOADER = "$(TEST_HOST)";
				CODE_SIGN_STYLE = Automatic;
				CURRENT_PROJECT_VERSION = 1;
				DEVELOPMENT_TEAM = 8G9SF8YAPG;
				GENERATE_INFOPLIST_FILE = YES;
				IPHONEOS_DEPLOYMENT_TARGET = 18.1;
				MACOSX_DEPLOYMENT_TARGET = 15.1;
				MARKETING_VERSION = 1.0;
				PRODUCT_BUNDLE_IDENTIFIER = com.MyMessagingApp.ProjectMessageAppTests;
				PRODUCT_NAME = "$(TARGET_NAME)";
				SDKROOT = auto;
				SUPPORTED_PLATFORMS = "iphoneos iphonesimulator macosx xros xrsimulator";
				SWIFT_EMIT_LOC_STRINGS = NO;
				SWIFT_VERSION = 5.0;
				TARGETED_DEVICE_FAMILY = "1,2,7";
				TEST_HOST = "$(BUILT_PRODUCTS_DIR)/ProjectMessageApp.app/$(BUNDLE_EXECUTABLE_FOLDER_PATH)/ProjectMessageApp";
				XROS_DEPLOYMENT_TARGET = 2.1;
			};
			name = Release;
		};
		4737678A2CFFE71700D2B02B /* Debug */ = {
			isa = XCBuildConfiguration;
			buildSettings = {
				CODE_SIGN_STYLE = Automatic;
				CURRENT_PROJECT_VERSION = 1;
				DEVELOPMENT_TEAM = 8G9SF8YAPG;
				GENERATE_INFOPLIST_FILE = YES;
				IPHONEOS_DEPLOYMENT_TARGET = 18.1;
				MACOSX_DEPLOYMENT_TARGET = 15.1;
				MARKETING_VERSION = 1.0;
				PRODUCT_BUNDLE_IDENTIFIER = com.MyMessagingApp.ProjectMessageAppUITests;
				PRODUCT_NAME = "$(TARGET_NAME)";
				SDKROOT = auto;
				SUPPORTED_PLATFORMS = "iphoneos iphonesimulator macosx xros xrsimulator";
				SWIFT_EMIT_LOC_STRINGS = NO;
				SWIFT_VERSION = 5.0;
				TARGETED_DEVICE_FAMILY = "1,2,7";
				TEST_TARGET_NAME = ProjectMessageApp;
				XROS_DEPLOYMENT_TARGET = 2.1;
			};
			name = Debug;
		};
		4737678B2CFFE71700D2B02B /* Release */ = {
			isa = XCBuildConfiguration;
			buildSettings = {
				CODE_SIGN_STYLE = Automatic;
				CURRENT_PROJECT_VERSION = 1;
				DEVELOPMENT_TEAM = 8G9SF8YAPG;
				GENERATE_INFOPLIST_FILE = YES;
				IPHONEOS_DEPLOYMENT_TARGET = 18.1;
				MACOSX_DEPLOYMENT_TARGET = 15.1;
				MARKETING_VERSION = 1.0;
				PRODUCT_BUNDLE_IDENTIFIER = com.MyMessagingApp.ProjectMessageAppUITests;
				PRODUCT_NAME = "$(TARGET_NAME)";
				SDKROOT = auto;
				SUPPORTED_PLATFORMS = "iphoneos iphonesimulator macosx xros xrsimulator";
				SWIFT_EMIT_LOC_STRINGS = NO;
				SWIFT_VERSION = 5.0;
				TARGETED_DEVICE_FAMILY = "1,2,7";
				TEST_TARGET_NAME = ProjectMessageApp;
				XROS_DEPLOYMENT_TARGET = 2.1;
			};
			name = Release;
		};
/* End XCBuildConfiguration section */

/* Begin XCConfigurationList section */
		473767592CFFE71400D2B02B /* Build configuration list for PBXProject "ProjectMessageApp" */ = {
			isa = XCConfigurationList;
			buildConfigurations = (
				473767812CFFE71700D2B02B /* Debug */,
				473767822CFFE71700D2B02B /* Release */,
			);
			defaultConfigurationIsVisible = 0;
			defaultConfigurationName = Release;
		};
		473767832CFFE71700D2B02B /* Build configuration list for PBXNativeTarget "ProjectMessageApp" */ = {
			isa = XCConfigurationList;
			buildConfigurations = (
				473767842CFFE71700D2B02B /* Debug */,
				473767852CFFE71700D2B02B /* Release */,
			);
			defaultConfigurationIsVisible = 0;
			defaultConfigurationName = Release;
		};
		473767862CFFE71700D2B02B /* Build configuration list for PBXNativeTarget "ProjectMessageAppTests" */ = {
			isa = XCConfigurationList;
			buildConfigurations = (
				473767872CFFE71700D2B02B /* Debug */,
				473767882CFFE71700D2B02B /* Release */,
			);
			defaultConfigurationIsVisible = 0;
			defaultConfigurationName = Release;
		};
		473767892CFFE71700D2B02B /* Build configuration list for PBXNativeTarget "ProjectMessageAppUITests" */ = {
			isa = XCConfigurationList;
			buildConfigurations = (
				4737678A2CFFE71700D2B02B /* Debug */,
				4737678B2CFFE71700D2B02B /* Release */,
			);
			defaultConfigurationIsVisible = 0;
			defaultConfigurationName = Release;
		};
/* End XCConfigurationList section */

/* Begin XCRemoteSwiftPackageReference section */
		47298C7D2D5A41CD006CD2D2 /* XCRemoteSwiftPackageReference "KeychainAccess" */ = {
			isa = XCRemoteSwiftPackageReference;
			repositoryURL = "https://github.com/kishikawakatsumi/KeychainAccess";
			requirement = {
				branch = master;
				kind = branch;
			};
		};
		47298C822D5A4DD4006CD2D2 /* XCRemoteSwiftPackageReference "swift-crypto" */ = {
			isa = XCRemoteSwiftPackageReference;
			repositoryURL = "https://github.com/apple/swift-crypto.git";
			requirement = {
				kind = upToNextMajorVersion;
				minimumVersion = 3.10.2;
			};
		};
		47298C852D5A5215006CD2D2 /* XCRemoteSwiftPackageReference "SwiftKeychainWrapper" */ = {
			isa = XCRemoteSwiftPackageReference;
			repositoryURL = "https://github.com/jrendel/SwiftKeychainWrapper.git";
			requirement = {
				kind = upToNextMajorVersion;
				minimumVersion = 4.0.1;
			};
		};
		473767902CFFE80200D2B02B /* XCRemoteSwiftPackageReference "firebase-ios-sdk" */ = {
			isa = XCRemoteSwiftPackageReference;
			repositoryURL = "https://github.com/firebase/firebase-ios-sdk";
			requirement = {
				kind = upToNextMajorVersion;
				minimumVersion = 11.6.0;
			};
		};
/* End XCRemoteSwiftPackageReference section */

/* Begin XCSwiftPackageProductDependency section */
		470D559F2DBEA19300A1228A /* SwiftKeychainWrapper */ = {
			isa = XCSwiftPackageProductDependency;
			package = 47298C852D5A5215006CD2D2 /* XCRemoteSwiftPackageReference "SwiftKeychainWrapper" */;
			productName = SwiftKeychainWrapper;
		};
		471346712D011C0B009AD3AB /* FirebaseFirestore */ = {
			isa = XCSwiftPackageProductDependency;
			package = 473767902CFFE80200D2B02B /* XCRemoteSwiftPackageReference "firebase-ios-sdk" */;
			productName = FirebaseFirestore;
		};
		47298C7E2D5A41CD006CD2D2 /* KeychainAccess */ = {
			isa = XCSwiftPackageProductDependency;
			package = 47298C7D2D5A41CD006CD2D2 /* XCRemoteSwiftPackageReference "KeychainAccess" */;
			productName = KeychainAccess;
		};
		47298C832D5A4DD4006CD2D2 /* Crypto */ = {
			isa = XCSwiftPackageProductDependency;
			package = 47298C822D5A4DD4006CD2D2 /* XCRemoteSwiftPackageReference "swift-crypto" */;
			productName = Crypto;
		};
		473767912CFFE80200D2B02B /* FirebaseAuth */ = {
			isa = XCSwiftPackageProductDependency;
			package = 473767902CFFE80200D2B02B /* XCRemoteSwiftPackageReference "firebase-ios-sdk" */;
			productName = FirebaseAuth;
		};
		473767962CFFEA6D00D2B02B /* FirebaseCore */ = {
			isa = XCSwiftPackageProductDependency;
			package = 473767902CFFE80200D2B02B /* XCRemoteSwiftPackageReference "firebase-ios-sdk" */;
			productName = FirebaseCore;
		};
		478E59C72D025A8300DEA8B4 /* FirebaseStorage */ = {
			isa = XCSwiftPackageProductDependency;
			package = 473767902CFFE80200D2B02B /* XCRemoteSwiftPackageReference "firebase-ios-sdk" */;
			productName = FirebaseStorage;
		};
/* End XCSwiftPackageProductDependency section */
	};
	rootObject = 473767562CFFE71400D2B02B /* Project object */;
}
